
Microsoft Visual Studio Solution File, Format Version 12.00
# Visual Studio Version 17
VisualStudioVersion = 17.3.32929.385
MinimumVisualStudioVersion = 10.0.40219.1
Project("{FAE04EC0-301F-11D3-BF4B-00C04F79EFBC}") = "LinqAssingnment", "LinqAssingnment\LinqAssingnment.csproj", "{9717C51A-F33E-48A8-80CF-543BCC256BA3}"
EndProject
Global
	GlobalSection(SolutionConfigurationPlatforms) = preSolution
		Debug|Any CPU = Debug|Any CPU
		Release|Any CPU = Release|Any CPU
	EndGlobalSection
	GlobalSection(ProjectConfigurationPlatforms) = postSolution
		{9717C51A-F33E-48A8-80CF-543BCC256BA3}.Debug|Any CPU.ActiveCfg = Debug|Any CPU
		{9717C51A-F33E-48A8-80CF-543BCC256BA3}.Debug|Any CPU.Build.0 = Debug|Any CPU
		{9717C51A-F33E-48A8-80CF-543BCC256BA3}.Release|Any CPU.ActiveCfg = Release|Any CPU
		{9717C51A-F33E-48A8-80CF-543BCC256BA3}.Release|Any CPU.Build.0 = Release|Any CPU
	EndGlobalSection
	GlobalSection(SolutionProperties) = preSolution
		HideSolutionNode = FALSE
	EndGlobalSection
	GlobalSection(ExtensibilityGlobals) = postSolution
		SolutionGuid = {F00B61F0-9E55-4B81-B10C-F477AE70EFE5}
	EndGlobalSection
EndGlobal
